// !$*UTF8*$!
{
	archiveVersion = 1;
	classes = {
	};
	objectVersion = 47;
	objects = {

/* Begin PBXBuildFile section */
		7B97B5051B77E4BB004BB472 /* AppDelegate.swift in Sources */ = {isa = PBXBuildFile; fileRef = 7B97B5041B77E4BB004BB472 /* AppDelegate.swift */; };
		7B97B5071B77E4BB004BB472 /* ViewController.swift in Sources */ = {isa = PBXBuildFile; fileRef = 7B97B5061B77E4BB004BB472 /* ViewController.swift */; };
		7B97B5091B77E4BB004BB472 /* Assets.xcassets in Resources */ = {isa = PBXBuildFile; fileRef = 7B97B5081B77E4BB004BB472 /* Assets.xcassets */; };
		7B97B50C1B77E4BB004BB472 /* Main.storyboard in Resources */ = {isa = PBXBuildFile; fileRef = 7B97B50A1B77E4BB004BB472 /* Main.storyboard */; };
		7B97B51B1B77E51C004BB472 /* ExtraAppKit.framework in Frameworks */ = {isa = PBXBuildFile; fileRef = 7B97B5191B77E51C004BB472 /* ExtraAppKit.framework */; };
		7B97B51C1B77E51C004BB472 /* VideoClipAnnotationEditor.framework in Frameworks */ = {isa = PBXBuildFile; fileRef = 7B97B51A1B77E51C004BB472 /* VideoClipAnnotationEditor.framework */; };
		7B97B51F1B77E5CB004BB472 /* DataSource.swift in Sources */ = {isa = PBXBuildFile; fileRef = 7B97B51E1B77E5CB004BB472 /* DataSource.swift */; };
		7BC3BF241B8005B500997710 /* VLCKit.framework in Frameworks */ = {isa = PBXBuildFile; fileRef = 7BC3BF231B8005B500997710 /* VLCKit.framework */; };
/* End PBXBuildFile section */

/* Begin PBXFileReference section */
		7B97B5011B77E4BB004BB472 /* VideoClipAnnotationTest.app */ = {isa = PBXFileReference; explicitFileType = wrapper.application; includeInIndex = 0; path = VideoClipAnnotationTest.app; sourceTree = BUILT_PRODUCTS_DIR; };
		7B97B5041B77E4BB004BB472 /* AppDelegate.swift */ = {isa = PBXFileReference; lastKnownFileType = sourcecode.swift; path = AppDelegate.swift; sourceTree = "<group>"; };
		7B97B5061B77E4BB004BB472 /* ViewController.swift */ = {isa = PBXFileReference; lastKnownFileType = sourcecode.swift; path = ViewController.swift; sourceTree = "<group>"; };
		7B97B5081B77E4BB004BB472 /* Assets.xcassets */ = {isa = PBXFileReference; lastKnownFileType = folder.assetcatalog; path = Assets.xcassets; sourceTree = "<group>"; };
		7B97B50B1B77E4BB004BB472 /* Base */ = {isa = PBXFileReference; lastKnownFileType = file.storyboard; name = Base; path = Base.lproj/Main.storyboard; sourceTree = "<group>"; };
		7B97B50D1B77E4BB004BB472 /* Info.plist */ = {isa = PBXFileReference; lastKnownFileType = text.plist.xml; path = Info.plist; sourceTree = "<group>"; };
		7B97B5191B77E51C004BB472 /* ExtraAppKit.framework */ = {isa = PBXFileReference; lastKnownFileType = wrapper.framework; path = ExtraAppKit.framework; sourceTree = BUILT_PRODUCTS_DIR; };
		7B97B51A1B77E51C004BB472 /* VideoClipAnnotationEditor.framework */ = {isa = PBXFileReference; lastKnownFileType = wrapper.framework; path = VideoClipAnnotationEditor.framework; sourceTree = BUILT_PRODUCTS_DIR; };
		7B97B51E1B77E5CB004BB472 /* DataSource.swift */ = {isa = PBXFileReference; fileEncoding = 4; lastKnownFileType = sourcecode.swift; path = DataSource.swift; sourceTree = "<group>"; };
		7BC3BF231B8005B500997710 /* VLCKit.framework */ = {isa = PBXFileReference; lastKnownFileType = wrapper.framework; name = VLCKit.framework; path = "../vlc-mac/VLCKit/build/Debug/VLCKit.framework"; sourceTree = "<group>"; };
		7BC3BF251B8006B600997710 /* libvout_iosurface_plugin.dylib */ = {isa = PBXFileReference; lastKnownFileType = "compiled.mach-o.dylib"; name = libvout_iosurface_plugin.dylib; path = "../vlc-mac/IOSurfaceModule/build/Debug/VLCKit.framework/Versions/A/plugins/libvout_iosurface_plugin.dylib"; sourceTree = "<group>"; };
/* End PBXFileReference section */

/* Begin PBXFrameworksBuildPhase section */
		7B97B4FE1B77E4BB004BB472 /* Frameworks */ = {
			isa = PBXFrameworksBuildPhase;
			buildActionMask = 2147483647;
			files = (
				7BC3BF241B8005B500997710 /* VLCKit.framework in Frameworks */,
				7B97B51B1B77E51C004BB472 /* ExtraAppKit.framework in Frameworks */,
				7B97B51C1B77E51C004BB472 /* VideoClipAnnotationEditor.framework in Frameworks */,
			);
			runOnlyForDeploymentPostprocessing = 0;
		};
/* End PBXFrameworksBuildPhase section */

/* Begin PBXGroup section */
		7B97B4F81B77E4BB004BB472 = {
			isa = PBXGroup;
			children = (
				7B97B5031B77E4BB004BB472 /* VideoClipAnnotationTest */,
				7B97B5021B77E4BB004BB472 /* Products */,
				7B97B51D1B77E52B004BB472 /* Dependancies */,
			);
			sourceTree = "<group>";
		};
		7B97B5021B77E4BB004BB472 /* Products */ = {
			isa = PBXGroup;
			children = (
				7B97B5011B77E4BB004BB472 /* VideoClipAnnotationTest.app */,
			);
			name = Products;
			sourceTree = "<group>";
		};
		7B97B5031B77E4BB004BB472 /* VideoClipAnnotationTest */ = {
			isa = PBXGroup;
			children = (
				7B97B5041B77E4BB004BB472 /* AppDelegate.swift */,
				7B97B5081B77E4BB004BB472 /* Assets.xcassets */,
				7B97B51E1B77E5CB004BB472 /* DataSource.swift */,
				7B97B50D1B77E4BB004BB472 /* Info.plist */,
				7B97B50A1B77E4BB004BB472 /* Main.storyboard */,
				7B97B5061B77E4BB004BB472 /* ViewController.swift */,
			);
			path = VideoClipAnnotationTest;
			sourceTree = "<group>";
		};
		7B97B51D1B77E52B004BB472 /* Dependancies */ = {
			isa = PBXGroup;
			children = (
				7B97B5191B77E51C004BB472 /* ExtraAppKit.framework */,
				7B97B51A1B77E51C004BB472 /* VideoClipAnnotationEditor.framework */,
				7BC3BF231B8005B500997710 /* VLCKit.framework */,
				7BC3BF251B8006B600997710 /* libvout_iosurface_plugin.dylib */,
			);
			name = Dependancies;
			sourceTree = "<group>";
		};
/* End PBXGroup section */

/* Begin PBXNativeTarget section */
		7B97B5001B77E4BB004BB472 /* VideoClipAnnotationTest */ = {
			isa = PBXNativeTarget;
			buildConfigurationList = 7B97B5101B77E4BB004BB472 /* Build configuration list for PBXNativeTarget "VideoClipAnnotationTest" */;
			buildPhases = (
				7B97B4FD1B77E4BB004BB472 /* Sources */,
				7B97B4FE1B77E4BB004BB472 /* Frameworks */,
				7B97B4FF1B77E4BB004BB472 /* Resources */,
			);
			buildRules = (
			);
			dependencies = (
			);
			name = VideoClipAnnotationTest;
			productName = VideoClipAnnotationTest;
			productReference = 7B97B5011B77E4BB004BB472 /* VideoClipAnnotationTest.app */;
			productType = "com.apple.product-type.application";
		};
/* End PBXNativeTarget section */

/* Begin PBXProject section */
		7B97B4F91B77E4BB004BB472 /* Project object */ = {
			isa = PBXProject;
			attributes = {
				LastUpgradeCheck = 0700;
				ORGANIZATIONNAME = "Fleur de Swift";
				TargetAttributes = {
					7B97B5001B77E4BB004BB472 = {
						CreatedOnToolsVersion = 7.0;
					};
				};
			};
			buildConfigurationList = 7B97B4FC1B77E4BB004BB472 /* Build configuration list for PBXProject "VideoClipAnnotationTest" */;
			compatibilityVersion = "Xcode 6.3";
			developmentRegion = English;
			hasScannedForEncodings = 0;
			knownRegions = (
				en,
				Base,
			);
			mainGroup = 7B97B4F81B77E4BB004BB472;
			productRefGroup = 7B97B5021B77E4BB004BB472 /* Products */;
			projectDirPath = "";
			projectRoot = "";
			targets = (
				7B97B5001B77E4BB004BB472 /* VideoClipAnnotationTest */,
			);
		};
/* End PBXProject section */

/* Begin PBXResourcesBuildPhase section */
		7B97B4FF1B77E4BB004BB472 /* Resources */ = {
			isa = PBXResourcesBuildPhase;
			buildActionMask = 2147483647;
			files = (
				7B97B5091B77E4BB004BB472 /* Assets.xcassets in Resources */,
				7B97B50C1B77E4BB004BB472 /* Main.storyboard in Resources */,
			);
			runOnlyForDeploymentPostprocessing = 0;
		};
/* End PBXResourcesBuildPhase section */

/* Begin PBXSourcesBuildPhase section */
		7B97B4FD1B77E4BB004BB472 /* Sources */ = {
			isa = PBXSourcesBuildPhase;
			buildActionMask = 2147483647;
			files = (
				7B97B51F1B77E5CB004BB472 /* DataSource.swift in Sources */,
				7B97B5071B77E4BB004BB472 /* ViewController.swift in Sources */,
				7B97B5051B77E4BB004BB472 /* AppDelegate.swift in Sources */,
			);
			runOnlyForDeploymentPostprocessing = 0;
		};
/* End PBXSourcesBuildPhase section */

/* Begin PBXVariantGroup section */
		7B97B50A1B77E4BB004BB472 /* Main.storyboard */ = {
			isa = PBXVariantGroup;
			children = (
				7B97B50B1B77E4BB004BB472 /* Base */,
			);
			name = Main.storyboard;
			sourceTree = "<group>";
		};
/* End PBXVariantGroup section */

/* Begin XCBuildConfiguration section */
		7B97B50E1B77E4BB004BB472 /* Debug */ = {
			isa = XCBuildConfiguration;
			buildSettings = {
				ALWAYS_SEARCH_USER_PATHS = NO;
				CLANG_CXX_LANGUAGE_STANDARD = "gnu++0x";
				CLANG_CXX_LIBRARY = "libc++";
				CLANG_ENABLE_MODULES = YES;
				CLANG_ENABLE_OBJC_ARC = YES;
				CLANG_WARN_BOOL_CONVERSION = YES;
				CLANG_WARN_CONSTANT_CONVERSION = YES;
				CLANG_WARN_DIRECT_OBJC_ISA_USAGE = YES_ERROR;
				CLANG_WARN_EMPTY_BODY = YES;
				CLANG_WARN_ENUM_CONVERSION = YES;
				CLANG_WARN_INT_CONVERSION = YES;
				CLANG_WARN_OBJC_ROOT_CLASS = YES_ERROR;
				CLANG_WARN_UNREACHABLE_CODE = YES;
				CLANG_WARN__DUPLICATE_METHOD_MATCH = YES;
				CODE_SIGN_IDENTITY = "-";
				COPY_PHASE_STRIP = NO;
				DEBUG_INFORMATION_FORMAT = dwarf;
				ENABLE_STRICT_OBJC_MSGSEND = YES;
				ENABLE_TESTABILITY = YES;
				GCC_C_LANGUAGE_STANDARD = gnu99;
				GCC_DYNAMIC_NO_PIC = NO;
				GCC_NO_COMMON_BLOCKS = YES;
				GCC_OPTIMIZATION_LEVEL = 0;
				GCC_PREPROCESSOR_DEFINITIONS = (
					"DEBUG=1",
					"$(inherited)",
				);
				GCC_WARN_64_TO_32_BIT_CONVERSION = YES;
				GCC_WARN_ABOUT_RETURN_TYPE = YES_ERROR;
				GCC_WARN_UNDECLARED_SELECTOR = YES;
				GCC_WARN_UNINITIALIZED_AUTOS = YES_AGGRESSIVE;
				GCC_WARN_UNUSED_FUNCTION = YES;
				GCC_WARN_UNUSED_VARIABLE = YES;
				MACOSX_DEPLOYMENT_TARGET = 10.11;
				MTL_ENABLE_DEBUG_INFO = YES;
				ONLY_ACTIVE_ARCH = YES;
				SDKROOT = macosx;
				SWIFT_OPTIMIZATION_LEVEL = "-Onone";
			};
			name = Debug;
		};
		7B97B50F1B77E4BB004BB472 /* Release */ = {
			isa = XCBuildConfiguration;
			buildSettings = {
				ALWAYS_SEARCH_USER_PATHS = NO;
				CLANG_CXX_LANGUAGE_STANDARD = "gnu++0x";
				CLANG_CXX_LIBRARY = "libc++";
				CLANG_ENABLE_MODULES = YES;
				CLANG_ENABLE_OBJC_ARC = YES;
				CLANG_WARN_BOOL_CONVERSION = YES;
				CLANG_WARN_CONSTANT_CONVERSION = YES;
				CLANG_WARN_DIRECT_OBJC_ISA_USAGE = YES_ERROR;
				CLANG_WARN_EMPTY_BODY = YES;
				CLANG_WARN_ENUM_CONVERSION = YES;
				CLANG_WARN_INT_CONVERSION = YES;
				CLANG_WARN_OBJC_ROOT_CLASS = YES_ERROR;
				CLANG_WARN_UNREACHABLE_CODE = YES;
				CLANG_WARN__DUPLICATE_METHOD_MATCH = YES;
				CODE_SIGN_IDENTITY = "-";
				COPY_PHASE_STRIP = NO;
				DEBUG_INFORMATION_FORMAT = "dwarf-with-dsym";
				ENABLE_NS_ASSERTIONS = NO;
				ENABLE_STRICT_OBJC_MSGSEND = YES;
				GCC_C_LANGUAGE_STANDARD = gnu99;
				GCC_NO_COMMON_BLOCKS = YES;
				GCC_WARN_64_TO_32_BIT_CONVERSION = YES;
				GCC_WARN_ABOUT_RETURN_TYPE = YES_ERROR;
				GCC_WARN_UNDECLARED_SELECTOR = YES;
				GCC_WARN_UNINITIALIZED_AUTOS = YES_AGGRESSIVE;
				GCC_WARN_UNUSED_FUNCTION = YES;
				GCC_WARN_UNUSED_VARIABLE = YES;
				MACOSX_DEPLOYMENT_TARGET = 10.11;
				MTL_ENABLE_DEBUG_INFO = NO;
				SDKROOT = macosx;
			};
			name = Release;
		};
		7B97B5111B77E4BB004BB472 /* Debug */ = {
			isa = XCBuildConfiguration;
			buildSettings = {
				ASSETCATALOG_COMPILER_APPICON_NAME = AppIcon;
				COMBINE_HIDPI_IMAGES = YES;
				INFOPLIST_FILE = VideoClipAnnotationTest/Info.plist;
				LD_RUNPATH_SEARCH_PATHS = "$(inherited) @executable_path/../Frameworks";
				PRODUCT_BUNDLE_IDENTIFIER = org.fds.VideoClipAnnotationTest;
				PRODUCT_NAME = "$(TARGET_NAME)";
			};
			name = Debug;
		};
		7B97B5121B77E4BB004BB472 /* Release */ = {
			isa = XCBuildConfiguration;
			buildSettings = {
				ASSETCATALOG_COMPILER_APPICON_NAME = AppIcon;
				COMBINE_HIDPI_IMAGES = YES;
				INFOPLIST_FILE = VideoClipAnnotationTest/Info.plist;
				LD_RUNPATH_SEARCH_PATHS = "$(inherited) @executable_path/../Frameworks";
				PRODUCT_BUNDLE_IDENTIFIER = org.fds.VideoClipAnnotationTest;
				PRODUCT_NAME = "$(TARGET_NAME)";
			};
			name = Release;
		};
/* End XCBuildConfiguration section */

/* Begin XCConfigurationList section */
		7B97B4FC1B77E4BB004BB472 /* Build configuration list for PBXProject "VideoClipAnnotationTest" */ = {
			isa = XCConfigurationList;
			buildConfigurations = (
				7B97B50E1B77E4BB004BB472 /* Debug */,
				7B97B50F1B77E4BB004BB472 /* Release */,
			);
			defaultConfigurationIsVisible = 0;
			defaultConfigurationName = Release;
		};
		7B97B5101B77E4BB004BB472 /* Build configuration list for PBXNativeTarget "VideoClipAnnotationTest" */ = {
			isa = XCConfigurationList;
			buildConfigurations = (
				7B97B5111B77E4BB004BB472 /* Debug */,
				7B97B5121B77E4BB004BB472 /* Release */,
			);
			defaultConfigurationIsVisible = 0;
			defaultConfigurationName = Release;
		};
/* End XCConfigurationList section */
	};
	rootObject = 7B97B4F91B77E4BB004BB472 /* Project object */;
}
